{
    "_meta": {
        "hash": {
            "sha256": "136e3ba91c740b3215d83e3ce0e4dbeccdb4a738ee157e994e56d9dd1836014c"
        },
        "pipfile-spec": 6,
        "requires": {
            "python_version": "3.9"
        },
        "sources": [
            {
                "name": "pypi",
                "url": "https://pypi.org/simple",
                "verify_ssl": true
            }
        ]
    },
    "default": {
        "affine": {
            "hashes": [
                "sha256:2e045def1aa29e613c42e801a7e10e0b9bacfed1a7c6af0cadf8843530a15102",
                "sha256:34b05b070d954c382e56f02c207a372d8a32621a87653cc30cdd31cd7f65799f"
            ],
            "version": "==2.3.0"
        },
        "attrs": {
            "hashes": [
                "sha256:31b2eced602aa8423c2aea9c76a724617ed67cf9513173fd3a4f03e3a929c7e6",
                "sha256:832aa3cde19744e49938b91fea06d69ecb9e649c93ba974535d08ad92164f700"
            ],
            "markers": "python_version >= '2.7' and python_version not in '3.0, 3.1, 3.2, 3.3'",
            "version": "==20.3.0"
        },
        "certifi": {
            "hashes": [
                "sha256:1a4995114262bffbc2413b159f2a1a480c969de6e6eb13ee966d470af86af59c",
                "sha256:719a74fb9e33b9bd44cc7f3a8d94bc35e4049deebe19ba7d8e108280cfd59830"
            ],
            "version": "==2020.12.5"
        },
        "cftime": {
            "hashes": [
                "sha256:0bb59517610c385d4b0d3b40bb8d988c10e6c2ce086cb741d13d699b61ca1f13",
                "sha256:0ffc25c347e37b7832dcf312fe9618f28335fb1e4ef1a6036a8603513b2db097",
                "sha256:1f6073cc33dde22865dfab8076d62d6b9b22d3d9c4a6c31eb6c567f6f8b343e9",
                "sha256:24182f8f2a7e45ce4d6c6571ee580b377cf9ec30671042fdeca9187201d1e738",
                "sha256:253d7183c1dcd2d2607f917a181d3e42636c9765e5faf3dda99d571b589c82af",
                "sha256:26f0b05149322978a6959d907fd6071f448e6afb2779db94863d69802477ceb4",
                "sha256:271fd5e7f10c8a43ffce30d11e52d113e4c2f491cb1391f90fa4fec4074a8157",
                "sha256:280deadcec617d1d9595d06dbedae79e87108ae5e920ea1f2fd42644c7ce2878",
                "sha256:40218dd49f334ccbe4ec471c81dce173f7013d7fff0b4d537b2dd9a7b51a8ade",
                "sha256:4205a192de56544dbb298b065e7497c0504054097defea3ae14b5b0f2120d62a",
                "sha256:42a478592e78fc219858fe67ea44c89452139a8386d8c432ab591154ed3bed7c",
                "sha256:536d4f63f40ca07147d224aacbb98491a87bd1d6514146e02af165158beb324d",
                "sha256:537bbfeef79115f56f7b3d7497d92a8a38ead66faf4c81034d9148aecf43f3f7",
                "sha256:6303bcf879c624311ea94decc53d00023fdef0d5e6e79a958a9e9b130471624b",
                "sha256:6ad0c4c5fbf4fe5a51c44d1efb438730bbad93e98fb77e1c2f15f21beab441af",
                "sha256:7107148e9d863404ac35f3791cf5929d5dd7050297bc856bbf04d4e7ac424503",
                "sha256:7bb5a1060345fe668c20c0b86efb6f56765f6b455da121d6edaa40cd6078de38",
                "sha256:7c55540bc164746c3c4f86a07c9c7b9ed4dfb0b0d988348ec63cec065c58766d",
                "sha256:81bffad4823fb991b8822d32ebfa581852848c3067a5c4df4f1c5fca00e3869b",
                "sha256:87228eba8586f65c6882efe2cd9f3c4f24bc9eac24235a6f2a5dcf807b226093",
                "sha256:9799b5334594df1ecdefc38d6c41520e7478d56834f42e0f359be9d6f12cccba",
                "sha256:a5eae6d21a305940bbbeb1c39ed1619ca6333c2b57d7e113dcf06bc569c4a9b3",
                "sha256:b32e8704fa8acfafeef55c0d8da178dbf72c408d66d841c47c891442e14fe76a",
                "sha256:b5739613bc8eaa3f07ecc578eeb77693cb1adecb3ef5e23fa34873acd61dcd17",
                "sha256:b73a161b6d541a342e7789234b56a4b766052b73da8b5e7ffab9ab20b59b7a87",
                "sha256:b9868b7ec8271c1cb9021607b5011be34dc069fdc57b7c1f98e7e010edd3768f",
                "sha256:ba0a944426736d68b6a34b1543067bd35c3509139e34d5e991cc9b7a188ba79e",
                "sha256:cde9249692963ed9e5be99d6da6acf70dbf150a4afc42af2c6540e47503275fd",
                "sha256:d7bb8b79f6692dbd666494a9845cd68787d93273d7b62f680fb9f963080ef696",
                "sha256:d7de4ceda1d8462ecfd7d561823ce1ee89d4e8c91b7789fbd030c69478baab46",
                "sha256:d8682ad494237ece3bf277081df0fa896dc6c36d81c20822ba1cae71a50401c4",
                "sha256:dce11b904ba7ca21113c6ca4e5d83060b275e09410dc362e8d8b450737664046",
                "sha256:ddf392c5783f8162b6c652ca1c0205b8edf79a192da2fd233e2d653192dc192b",
                "sha256:ddf4f142a51dd1669c7578c0792e84b8e6d819acaad15044ed72bf29d296f6c1",
                "sha256:e2919d68bebed66f102f861d7f2fb396487d44f5f54b1ac19f1e74be3f67b02c",
                "sha256:fee0af10a85c03b4d3512eed04ffb2f80a0f2e8fe712df30bde2f1fe8fe37cf7"
            ],
            "version": "==1.4.1"
        },
        "click": {
            "hashes": [
                "sha256:d2b5255c7c6349bc1bd1e59e08cd12acbbd63ce649f2588755783aa94dfb6b1a",
                "sha256:dacca89f4bfadd5de3d7489b7c8a566eee0d3676333fbb50030263894c38c0dc"
            ],
            "markers": "python_version >= '2.7' and python_version not in '3.0, 3.1, 3.2, 3.3, 3.4'",
            "version": "==7.1.2"
        },
        "click-plugins": {
            "hashes": [
                "sha256:46ab999744a9d831159c3411bb0c79346d94a444df9a3a3742e9ed63645f264b",
                "sha256:5d262006d3222f5057fd81e1623d4443e41dcda5dc815c06b442aa3c02889fc8"
            ],
            "version": "==1.1.1"
        },
        "cligj": {
            "hashes": [
                "sha256:07171c1e287f45511f97df4ea071abc5d19924153413d5683a8e4866369bc676",
                "sha256:b2f1f7247d59a5387bd3013a08b9ed6829e96fafa4a6e6292341efdb46fe6220"
            ],
            "markers": "python_version >= '2.7' and python_version not in '3.0, 3.1, 3.2, 3.3' and python_version < '4'",
            "version": "==0.7.1"
        },
        "cycler": {
            "hashes": [
                "sha256:1d8a5ae1ff6c5cf9b93e8811e581232ad8920aeec647c37316ceac982b08cb2d",
                "sha256:cd7b2d1018258d7247a71425e9f26463dfb444d411c39569972f4ce586b0c9d8"
            ],
            "version": "==0.10.0"
        },
        "iniconfig": {
            "hashes": [
                "sha256:011e24c64b7f47f6ebd835bb12a743f2fbe9a26d4cecaa7f53bc4f35ee9da8b3",
                "sha256:bc3af051d7d14b2ee5ef9969666def0cd1a000e121eaea580d4a313df4b37f32"
            ],
            "version": "==1.1.1"
        },
        "kiwisolver": {
            "hashes": [
                "sha256:0cd53f403202159b44528498de18f9285b04482bab2a6fc3f5dd8dbb9352e30d",
                "sha256:1e1bc12fb773a7b2ffdeb8380609f4f8064777877b2225dec3da711b421fda31",
                "sha256:225e2e18f271e0ed8157d7f4518ffbf99b9450fca398d561eb5c4a87d0986dd9",
                "sha256:232c9e11fd7ac3a470d65cd67e4359eee155ec57e822e5220322d7b2ac84fbf0",
                "sha256:31dfd2ac56edc0ff9ac295193eeaea1c0c923c0355bf948fbd99ed6018010b72",
                "sha256:33449715e0101e4d34f64990352bce4095c8bf13bed1b390773fc0a7295967b3",
                "sha256:401a2e9afa8588589775fe34fc22d918ae839aaaf0c0e96441c0fdbce6d8ebe6",
                "sha256:44a62e24d9b01ba94ae7a4a6c3fb215dc4af1dde817e7498d901e229aaf50e4e",
                "sha256:50af681a36b2a1dee1d3c169ade9fdc59207d3c31e522519181e12f1b3ba7000",
                "sha256:563c649cfdef27d081c84e72a03b48ea9408c16657500c312575ae9d9f7bc1c3",
                "sha256:5989db3b3b34b76c09253deeaf7fbc2707616f130e166996606c284395da3f18",
                "sha256:5a7a7dbff17e66fac9142ae2ecafb719393aaee6a3768c9de2fd425c63b53e21",
                "sha256:5c3e6455341008a054cccee8c5d24481bcfe1acdbc9add30aa95798e95c65621",
                "sha256:5f6ccd3dd0b9739edcf407514016108e2280769c73a85b9e59aa390046dbf08b",
                "sha256:72c99e39d005b793fb7d3d4e660aed6b6281b502e8c1eaf8ee8346023c8e03bc",
                "sha256:78751b33595f7f9511952e7e60ce858c6d64db2e062afb325985ddbd34b5c131",
                "sha256:834ee27348c4aefc20b479335fd422a2c69db55f7d9ab61721ac8cd83eb78882",
                "sha256:8be8d84b7d4f2ba4ffff3665bcd0211318aa632395a1a41553250484a871d454",
                "sha256:950a199911a8d94683a6b10321f9345d5a3a8433ec58b217ace979e18f16e248",
                "sha256:a357fd4f15ee49b4a98b44ec23a34a95f1e00292a139d6015c11f55774ef10de",
                "sha256:a53d27d0c2a0ebd07e395e56a1fbdf75ffedc4a05943daf472af163413ce9598",
                "sha256:acef3d59d47dd85ecf909c359d0fd2c81ed33bdff70216d3956b463e12c38a54",
                "sha256:b38694dcdac990a743aa654037ff1188c7a9801ac3ccc548d3341014bc5ca278",
                "sha256:b9edd0110a77fc321ab090aaa1cfcaba1d8499850a12848b81be2222eab648f6",
                "sha256:c08e95114951dc2090c4a630c2385bef681cacf12636fb0241accdc6b303fd81",
                "sha256:c5518d51a0735b1e6cee1fdce66359f8d2b59c3ca85dc2b0813a8aa86818a030",
                "sha256:c8fd0f1ae9d92b42854b2979024d7597685ce4ada367172ed7c09edf2cef9cb8",
                "sha256:ca3820eb7f7faf7f0aa88de0e54681bddcb46e485beb844fcecbcd1c8bd01689",
                "sha256:cf8b574c7b9aa060c62116d4181f3a1a4e821b2ec5cbfe3775809474113748d4",
                "sha256:d3155d828dec1d43283bd24d3d3e0d9c7c350cdfcc0bd06c0ad1209c1bbc36d0",
                "sha256:f8d6f8db88049a699817fd9178782867bf22283e3813064302ac59f61d95be05",
                "sha256:fd34fbbfbc40628200730bc1febe30631347103fc8d3d4fa012c21ab9c11eca9"
            ],
            "markers": "python_version >= '3.6'",
            "version": "==1.3.1"
        },
        "matplotlib": {
            "hashes": [
                "sha256:1de0bb6cbfe460725f0e97b88daa8643bcf9571c18ba90bb8e41432aaeca91d6",
                "sha256:1e850163579a8936eede29fad41e202b25923a0a8d5ffd08ce50fc0a97dcdc93",
                "sha256:215e2a30a2090221a9481db58b770ce56b8ef46f13224ae33afe221b14b24dc1",
                "sha256:348e6032f666ffd151b323342f9278b16b95d4a75dfacae84a11d2829a7816ae",
                "sha256:3d2eb9c1cc254d0ffa90bc96fde4b6005d09c2228f99dfd493a4219c1af99644",
                "sha256:3e477db76c22929e4c6876c44f88d790aacdf3c3f8f3a90cb1975c0bf37825b0",
                "sha256:451cc89cb33d6652c509fc6b588dc51c41d7246afdcc29b8624e256b7663ed1f",
                "sha256:46b1a60a04e6d884f0250d5cc8dc7bd21a9a96c584a7acdaab44698a44710bab",
                "sha256:5f571b92a536206f7958f7cb2d367ff6c9a1fa8229dc35020006e4cdd1ca0acd",
                "sha256:672960dd114e342b7c610bf32fb99d14227f29919894388b41553217457ba7ef",
                "sha256:7310e353a4a35477c7f032409966920197d7df3e757c7624fd842f3eeb307d3d",
                "sha256:746a1df55749629e26af7f977ea426817ca9370ad1569436608dc48d1069b87c",
                "sha256:7c155437ae4fd366e2700e2716564d1787700687443de46bcb895fe0f84b761d",
                "sha256:9265ae0fb35e29f9b8cc86c2ab0a2e3dcddc4dd9de4b85bf26c0f63fe5c1c2ca",
                "sha256:94bdd1d55c20e764d8aea9d471d2ae7a7b2c84445e0fa463f02e20f9730783e1",
                "sha256:9a79e5dd7bb797aa611048f5b70588b23c5be05b63eefd8a0d152ac77c4243db",
                "sha256:a17f0a10604fac7627ec82820439e7db611722e80c408a726cd00d8c974c2fb3",
                "sha256:a1acb72f095f1d58ecc2538ed1b8bca0b57df313b13db36ed34b8cdf1868e674",
                "sha256:aa49571d8030ad0b9ac39708ee77bd2a22f87815e12bdee52ecaffece9313ed8",
                "sha256:c24c05f645aef776e8b8931cb81e0f1632d229b42b6d216e30836e2e145a2b40",
                "sha256:cf3a7e54eff792f0815dbbe9b85df2f13d739289c93d346925554f71d484be78",
                "sha256:d738acfdfb65da34c91acbdb56abed46803db39af259b7f194dc96920360dbe4",
                "sha256:e15fa23d844d54e7b3b7243afd53b7567ee71c721f592deb0727ee85e668f96a",
                "sha256:ed4a9e6dcacba56b17a0a9ac22ae2c72a35b7f0ef0693aa68574f0b2df607a89",
                "sha256:f44149a0ef5b4991aaef12a93b8e8d66d6412e762745fea1faa61d98524e0ba9"
            ],
            "index": "pypi",
            "version": "==3.3.4"
        },
        "netcdf4": {
            "hashes": [
                "sha256:030a829ed599cedf777a31655081eb37ed875d99c7118071f166ccd0e7b6708b",
                "sha256:0cc85faf00111fa3a3e445de61b73eda5aae567cd8ca0bf595c21d0f8f55caf9",
                "sha256:102a53dff290e9ba27fb3e2a46f87242c2112be91fd60663413437d3a786212f",
                "sha256:16f9669226b1ac0456673dd3eb52c2a1b95ce4934de3b479a2850146e231b518",
                "sha256:1e164e73365c71d46e0f7232ecb738422b7e21be614f13c96ef6de695f53a0b1",
                "sha256:2bfd140761cd1ece46d3d5bb05cf5d4ac26cac392855ee70acfa4d7c1ab73392",
                "sha256:3449f4f32974941658e670dc5d9745d67fb76039b6b6167e37aecb208adacd49",
                "sha256:47476489f6c8e4d4584b99aea5511ff69acc7a8d3d8359452e457123f7ec378d",
                "sha256:4849ffdf493f6094d985b3465fac09aacd376684fbbd241e3d2accc6e5763215",
                "sha256:48e733b2e817e8547d164258a14d360be27c70ed9ec513422886468539ea1583",
                "sha256:5043910434e556b84831d07bcde4aa8672ff15d6eae74a90a07dfaa88171e301",
                "sha256:5253f009d2ec3d9cb9246c93651a287e7f39573f00eb2a873fd1fecfe0b965e4",
                "sha256:54d60ebccf44e27a51f787cbbf759354e357b1e4a596684844279bb75f5211db",
                "sha256:573369b148aadc47e1da0e82b001412ecd7577f72ae742e2508e03d2cff2a2ce",
                "sha256:5a2c419fdca00fbf1d1c0fcd471cd136b6c4b9e32695c68111712bb6caefd2cf",
                "sha256:61c92dca8818903bfa8838855d1ba10e27560aefd5b47c03b56948c10f6b3bd2",
                "sha256:7577f4656af8431b2fa6b6797acb45f81fa1890120e9123b3645e14765da5a7c",
                "sha256:75c078b82830e77ac0c683a1a88cd8502cfb34903d054639d36bd84c2242a4a4",
                "sha256:75ce1f5adc52fe696674d36956ea419f5e029b783bf342f2cb35c3b1ae32cd83",
                "sha256:852cd767198819ba43761dbb5bbb523e3f112aa86fe24a864ee43a3378949050",
                "sha256:90a3a92616c7f2ec5bb1c0bed7ba7b372037d0d2e58ecff9d4d0785da6d11f0c",
                "sha256:9cb51d0e95b155dba6e138ecfaea6ff3a22dfc11e4bf3bf22483c3beb376270e",
                "sha256:a397023964752c543c5e73d6c46c9af111970d0bc15ffc5dc6ba280cd9f954ca",
                "sha256:a756d75056812cfc97e17f18a11cc6542d64433631e02214a5173be4ed85ab5b",
                "sha256:ae846f990852484fffa9e6c7bc1aad4aacb01d24a0bdb201697f083242949e66",
                "sha256:c9d4a28253b91a033e1d9088ee95b4de98e35b18639834a7f87a3513cb2dfc51",
                "sha256:cc7f7a24842f50fa73ac65208450ab84626f11c7b4bc1ac72309a7aa5e5f200b",
                "sha256:d8a4c06f797a566e7f811fadbff77a7fd6b18f51fa6a81cc1adc18e141400237",
                "sha256:d99ef8694633f095b8491db1a8249320572fff0e5eefd8dd61f18bdfa8297a80",
                "sha256:dfa678fea3aaeac62b0bff6c68a29c829a17d77858657cb05fdabc7ace8892e5",
                "sha256:dfe8d89a4f22ae5a608dd0bd7535142c492121a24a0e56ec7038785d11cf08ba",
                "sha256:e0a2ff2caec5e492d55f8f2e4666876899bb504f70c7b3c71e31c2791f46fee2",
                "sha256:e737b80b67eb2158101aa850e69cc851a6c8bfb54fbff048156e0a50e056312c",
                "sha256:ea49e74af3eebf981e6a6308e6c7ec0bc898bc8762b69094ebf01c8af114f36e",
                "sha256:ed80a71d71b6db99f399a8d83a06902198719e8947f5b9ada2fca8d6d5c21403",
                "sha256:f7253fc6bfc62783cb2236f1845da668ee90ea1ece4af9d53c3bbfe56896d14c",
                "sha256:fea789b2c2ae6bf64e8e917ca232654c4af60be2ef1153d73ddf90fa8f911a64",
                "sha256:ff27c422fd45c7a482bedb643d1be0ff0c58c6f0b2888e6fe0e3da059050f779"
            ],
            "version": "==1.5.6"
        },
        "numpy": {
            "hashes": [
                "sha256:032be656d89bbf786d743fee11d01ef318b0781281241997558fa7950028dd29",
                "sha256:104f5e90b143dbf298361a99ac1af4cf59131218a045ebf4ee5990b83cff5fab",
                "sha256:125a0e10ddd99a874fd357bfa1b636cd58deb78ba4a30b5ddb09f645c3512e04",
                "sha256:12e4ba5c6420917571f1a5becc9338abbde71dd811ce40b37ba62dec7b39af6d",
                "sha256:13adf545732bb23a796914fe5f891a12bd74cf3d2986eed7b7eba2941eea1590",
                "sha256:2d7e27442599104ee08f4faed56bb87c55f8b10a5494ac2ead5c98a4b289e61f",
                "sha256:3bc63486a870294683980d76ec1e3efc786295ae00128f9ea38e2c6e74d5a60a",
                "sha256:3d3087e24e354c18fb35c454026af3ed8997cfd4997765266897c68d724e4845",
                "sha256:4ed8e96dc146e12c1c5cdd6fb9fd0757f2ba66048bf94c5126b7efebd12d0090",
                "sha256:60759ab15c94dd0e1ed88241fd4fa3312db4e91d2c8f5a2d4cf3863fad83d65b",
                "sha256:65410c7f4398a0047eea5cca9b74009ea61178efd78d1be9847fac1d6716ec1e",
                "sha256:66b467adfcf628f66ea4ac6430ded0614f5cc06ba530d09571ea404789064adc",
                "sha256:7199109fa46277be503393be9250b983f325880766f847885607d9b13848f257",
                "sha256:72251e43ac426ff98ea802a931922c79b8d7596480300eb9f1b1e45e0543571e",
                "sha256:89e5336f2bec0c726ac7e7cdae181b325a9c0ee24e604704ed830d241c5e47ff",
                "sha256:89f937b13b8dd17b0099c7c2e22066883c86ca1575a975f754babc8fbf8d69a9",
                "sha256:9c94cab5054bad82a70b2e77741271790304651d584e2cdfe2041488e753863b",
                "sha256:9eb551d122fadca7774b97db8a112b77231dcccda8e91a5bc99e79890797175e",
                "sha256:a1d7995d1023335e67fb070b2fae6f5968f5be3802b15ad6d79d81ecaa014fe0",
                "sha256:ae61f02b84a0211abb56462a3b6cd1e7ec39d466d3160eb4e1da8bf6717cdbeb",
                "sha256:b9410c0b6fed4a22554f072a86c361e417f0258838957b78bd063bde2c7f841f",
                "sha256:c26287dfc888cf1e65181f39ea75e11f42ffc4f4529e5bd19add57ad458996e2",
                "sha256:c91ec9569facd4757ade0888371eced2ecf49e7982ce5634cc2cf4e7331a4b14",
                "sha256:ecb5b74c702358cdc21268ff4c37f7466357871f53a30e6f84c686952bef16a9"
            ],
            "markers": "python_version >= '3.7'",
            "version": "==1.20.1"
        },
        "packaging": {
            "hashes": [
                "sha256:5b327ac1320dc863dca72f4514ecc086f31186744b84a230374cc1fd776feae5",
                "sha256:67714da7f7bc052e064859c05c595155bd1ee9f69f76557e21f051443c20947a"
            ],
            "markers": "python_version >= '2.7' and python_version not in '3.0, 3.1, 3.2, 3.3'",
            "version": "==20.9"
        },
        "pandas": {
            "hashes": [
                "sha256:09761bf5f8c741d47d4b8b9073288de1be39bbfccc281d70b889ade12b2aad29",
                "sha256:0f27fd1adfa256388dc34895ca5437eaf254832223812afd817a6f73127f969c",
                "sha256:43e00770552595c2250d8d712ec8b6e08ca73089ac823122344f023efa4abea3",
                "sha256:46fc671c542a8392a4f4c13edc8527e3a10f6cb62912d856f82248feb747f06e",
                "sha256:475b7772b6e18a93a43ea83517932deff33954a10d4fbae18d0c1aba4182310f",
                "sha256:4d821b9b911fc1b7d428978d04ace33f0af32bb7549525c8a7b08444bce46b74",
                "sha256:5e3c8c60541396110586bcbe6eccdc335a38e7de8c217060edaf4722260b158f",
                "sha256:621c044a1b5e535cf7dcb3ab39fca6f867095c3ef223a524f18f60c7fee028ea",
                "sha256:72ffcea00ae8ffcdbdefff800284311e155fbb5ed6758f1a6110fc1f8f8f0c1c",
                "sha256:8a051e957c5206f722e83f295f95a2cf053e890f9a1fba0065780a8c2d045f5d",
                "sha256:97b1954533b2a74c7e20d1342c4f01311d3203b48f2ebf651891e6a6eaf01104",
                "sha256:9f5829e64507ad10e2561b60baf285c470f3c4454b007c860e77849b88865ae7",
                "sha256:a93e34f10f67d81de706ce00bf8bb3798403cabce4ccb2de10c61b5ae8786ab5",
                "sha256:d59842a5aa89ca03c2099312163ffdd06f56486050e641a45d926a072f04d994",
                "sha256:dbb255975eb94143f2e6ec7dadda671d25147939047839cd6b8a4aff0379bb9b",
                "sha256:df6f10b85aef7a5bb25259ad651ad1cc1d6bb09000595cab47e718cbac250b1d"
            ],
            "markers": "python_full_version >= '3.7.1'",
            "version": "==1.2.3"
        },
        "pillow": {
            "hashes": [
                "sha256:01bb0a34f1a6689b138c0089d670ae2e8f886d2666a9b2f2019031abdea673c4",
                "sha256:07872f1d8421db5a3fe770f7480835e5e90fddb58f36c216d4a2ac0d594de474",
                "sha256:1022f8f6dc3c5b0dcf928f1c49ba2ac73051f576af100d57776e2b65c1f76a8d",
                "sha256:14415e9e28410232370615dbde0cf0a00e526f522f665460344a5b96973a3086",
                "sha256:172acfaf00434a28dddfe592d83f2980e22e63c769ff4a448ddf7b7a38ffd165",
                "sha256:1c5e3c36f02c815766ae9dd91899b1c5b4652f2a37b7a51609f3bd467c0f11fb",
                "sha256:292f2aa1ae5c5c1451cb4b558addb88c257411d3fd71c6cf45562911baffc979",
                "sha256:2a40d7d4b17db87f5b9a1efc0aff56000e1d0d5ece415090c102aafa0ccbe858",
                "sha256:2f0d7034d5faae9a8d1019d152ede924f653df2ce77d3bba4ce62cd21b5f94ae",
                "sha256:33fdbd4f5608c852d97264f9d2e3b54e9e9959083d008145175b86100b275e5b",
                "sha256:3b13d89d97b551e02549d1f0edf22bed6acfd6fd2e888cd1e9a953bf215f0e81",
                "sha256:3e759bcc03d6f39bc751e56d86bc87252b9a21c689a27c5ed753717a87d53a5b",
                "sha256:3ec87bd1248b23a2e4e19e774367fbe30fddc73913edc5f9b37470624f55dc1f",
                "sha256:436b0a2dd9fe3f7aa6a444af6bdf53c1eb8f5ced9ea3ef104daa83f0ea18e7bc",
                "sha256:43b3c859912e8bf754b3c5142df624794b18eb7ae07cfeddc917e1a9406a3ef2",
                "sha256:4fe74636ee71c57a7f65d7b21a9f127d842b4fb75511e5d256ace258826eb352",
                "sha256:59445af66b59cc39530b4f810776928d75e95f41e945f0c32a3de4aceb93c15d",
                "sha256:69da5b1d7102a61ce9b45deb2920a2012d52fd8f4201495ea9411d0071b0ec22",
                "sha256:7094bbdecb95ebe53166e4c12cf5e28310c2b550b08c07c5dc15433898e2238e",
                "sha256:8211cac9bf10461f9e33fe9a3af6c5131f3fdd0d10672afc2abb2c70cf95c5ca",
                "sha256:8cf77e458bd996dc85455f10fe443c0c946f5b13253773439bcbec08aa1aebc2",
                "sha256:924fc33cb4acaf6267b8ca3b8f1922620d57a28470d5e4f49672cea9a841eb08",
                "sha256:99ce3333b40b7a4435e0a18baad468d44ab118a4b1da0af0a888893d03253f1d",
                "sha256:a7d690b2c5f7e4a932374615fedceb1e305d2dd5363c1de15961725fe10e7d16",
                "sha256:b9af590adc1e46898a1276527f3cfe2da8048ae43fbbf9b1bf9395f6c99d9b47",
                "sha256:bb18422ad00c1fecc731d06592e99c3be2c634da19e26942ba2f13d805005cf2",
                "sha256:c10af40ee2f1a99e1ae755ab1f773916e8bca3364029a042cd9161c400416bd8",
                "sha256:c143c409e7bc1db784471fe9d0bf95f37c4458e879ad84cfae640cb74ee11a26",
                "sha256:c448d2b335e21951416a30cd48d35588d122a912d5fe9e41900afacecc7d21a1",
                "sha256:d30f30c044bdc0ab8f3924e1eeaac87e0ff8a27e87369c5cac4064b6ec78fd83",
                "sha256:df534e64d4f3e84e8f1e1a37da3f541555d947c1c1c09b32178537f0f243f69d",
                "sha256:f6fc18f9c9c7959bf58e6faf801d14fafb6d4717faaf6f79a68c8bb2a13dcf20",
                "sha256:ff83dfeb04c98bb3e7948f876c17513a34e9a19fd92e292288649164924c1b39"
            ],
            "markers": "python_version >= '3.6'",
            "version": "==8.1.1"
        },
        "pluggy": {
            "hashes": [
                "sha256:15b2acde666561e1298d71b523007ed7364de07029219b604cf808bfa1c765b0",
                "sha256:966c145cd83c96502c3c3868f50408687b38434af77734af1e9ca461a4081d2d"
            ],
            "markers": "python_version >= '2.7' and python_version not in '3.0, 3.1, 3.2, 3.3'",
            "version": "==0.13.1"
        },
        "py": {
            "hashes": [
                "sha256:21b81bda15b66ef5e1a777a21c4dcd9c20ad3efd0b3f817e7a809035269e1bd3",
                "sha256:3b80836aa6d1feeaa108e046da6423ab8f6ceda6468545ae8d02d9d58d18818a"
            ],
            "markers": "python_version >= '2.7' and python_version not in '3.0, 3.1, 3.2, 3.3'",
            "version": "==1.10.0"
        },
        "pygmt": {
            "hashes": [
                "sha256:9033cd040ed4710e61397fb4c03a0577b8aa2fc9e3618437c2a7b3dfa97cf4a4",
                "sha256:a67c3f2ca62a44eec85cec9b773a0eccd76830519f09d25944d1fe1b375ffd37"
            ],
            "index": "pypi",
            "version": "==0.3.0"
        },
        "pyparsing": {
            "hashes": [
                "sha256:c203ec8783bf771a155b207279b9bccb8dea02d8f0c9e5f8ead507bc3246ecc1",
                "sha256:ef9d7589ef3c200abe66653d3f1ab1033c3c419ae9b9bdb1240a85b024efc88b"
            ],
            "markers": "python_version >= '2.6' and python_version not in '3.0, 3.1, 3.2, 3.3'",
            "version": "==2.4.7"
        },
        "pytest": {
            "hashes": [
                "sha256:9d1edf9e7d0b84d72ea3dbcdfd22b35fb543a5e8f2a60092dd578936bf63d7f9",
                "sha256:b574b57423e818210672e07ca1fa90aaf194a4f63f3ab909a2c67ebb22913839"
            ],
            "index": "pypi",
            "version": "==6.2.2"
        },
        "python-dateutil": {
            "hashes": [
                "sha256:73ebfe9dbf22e832286dafa60473e4cd239f8592f699aa5adaf10050e6e1823c",
                "sha256:75bb3f31ea686f1197762692a9ee6a7550b59fc6ca3a1f4b5d7e32fb98e2da2a"
            ],
            "markers": "python_version >= '2.7' and python_version not in '3.0, 3.1, 3.2, 3.3'",
            "version": "==2.8.1"
        },
        "pytz": {
            "hashes": [
                "sha256:83a4a90894bf38e243cf052c8b58f381bfe9a7a483f6a9cab140bc7f702ac4da",
                "sha256:eb10ce3e7736052ed3623d49975ce333bcd712c7bb19a58b9e2089d4057d0798"
            ],
            "version": "==2021.1"
        },
        "rasterio": {
            "hashes": [
                "sha256:35dd649effb1acd7ae1fb263dfa95f21d83bb5e20b195012249a32f4f5661d38",
                "sha256:441b0e95ee89d100ab8db950c2de7ba57632f8d8940cc9a5592f0f87d6e36f0c",
                "sha256:538ebcf0d0978cef446efa9610f9651348b166b5cbc0d83d93b628e4e4daff32",
                "sha256:81d4181514c67dc660d7b8cf943ad55c4fb3e0a17ac893d92628ac928cfab3d8",
                "sha256:907686a165877c7133b283c2dee57fa52b4bbcdc622bb455b005cacd16dba411",
                "sha256:c6103e58494f97e309a1dc6034c4df26006a12414a82f96d35c5420b79e2c4c9",
                "sha256:c72741e681863fc505812252a696b4983f22733aefc00cc6ae5f22ab241c7064",
                "sha256:d9c9e7a968ef8b89700d3a14497ac61c6178e8342a2cbf717d725d85404d8e97",
                "sha256:f255a98673b1bf52eb439c25bf6340c833e606fb48cea36bb82e341f67d84db4"
            ],
            "index": "pypi",
            "version": "==1.2.1"
        },
        "six": {
            "hashes": [
                "sha256:30639c035cdb23534cd4aa2dd52c3bf48f06e5f4a941509c8bafd8ce11080259",
                "sha256:8b74bedcbbbaca38ff6d7491d76f2b06b3592611af620f8426e82dddb04a5ced"
            ],
            "markers": "python_version >= '2.7' and python_version not in '3.0, 3.1, 3.2, 3.3'",
            "version": "==1.15.0"
        },
        "snuggs": {
            "hashes": [
                "sha256:501cf113fe3892e14e2fee76da5cd0606b7e149c411c271898e6259ebde2617b",
                "sha256:988dde5d4db88e9d71c99457404773dabcc7a1c45971bfbe81900999942d9f07"
            ],
            "version": "==1.4.7"
        },
        "toml": {
            "hashes": [
                "sha256:806143ae5bfb6a3c6e736a764057db0e6a0e05e338b5630894a5f779cabb4f9b",
                "sha256:b3bda1d108d5dd99f4a20d24d9c348e91c4db7ab1b749200bded2f839ccbe68f"
            ],
            "markers": "python_version >= '2.6' and python_version not in '3.0, 3.1, 3.2, 3.3'",
            "version": "==0.10.2"
        },
        "xarray": {
            "hashes": [
                "sha256:9c2edad2a4e588f9117c666a4249920b9717fb75703b96998cf65fcd4f60551f",
                "sha256:ce204fb5015c3d382036f7c065c927df5684276976810aef43d78908c3ceb440"
            ],
            "markers": "python_version >= '3.7'",
            "version": "==0.17.0"
        }
    },
    "develop": {}
}
